
Microsoft Visual Studio Solution File, Format Version 12.00
# Visual Studio Version 16
VisualStudioVersion = 16.0.30330.147
MinimumVisualStudioVersion = 10.0.40219.1
Project("{FAE04EC0-301F-11D3-BF4B-00C04F79EFBC}") = "ItemExchange2.0", "ItemExchange2.0.csproj", "{1D7000F2-2B79-4D51-BAA4-010BA8A2DB31}"
EndProject
Global
	GlobalSection(SolutionConfigurationPlatforms) = preSolution
		Debug|Any CPU = Debug|Any CPU
		Release|Any CPU = Release|Any CPU
	EndGlobalSection
	GlobalSection(ProjectConfigurationPlatforms) = postSolution
		{1D7000F2-2B79-4D51-BAA4-010BA8A2DB31}.Debug|Any CPU.ActiveCfg = Debug|Any CPU
		{1D7000F2-2B79-4D51-BAA4-010BA8A2DB31}.Debug|Any CPU.Build.0 = Debug|Any CPU
		{1D7000F2-2B79-4D51-BAA4-010BA8A2DB31}.Release|Any CPU.ActiveCfg = Release|Any CPU
		{1D7000F2-2B79-4D51-BAA4-010BA8A2DB31}.Release|Any CPU.Build.0 = Release|Any CPU
	EndGlobalSection
	GlobalSection(SolutionProperties) = preSolution
		HideSolutionNode = FALSE
	EndGlobalSection
	GlobalSection(ExtensibilityGlobals) = postSolution
		SolutionGuid = {70654D5A-A1EE-474C-8CC3-925CA87BDC1D}
	EndGlobalSection
EndGlobal
